<?xml version="1.0" encoding="utf-8"?>
<Project ToolsVersion="4.0" xmlns="http://schemas.microsoft.com/developer/msbuild/2003">
  <ItemGroup>
    <Filter Include="Engine">
      <UniqueIdentifier>{67DA6AB6-F800-4c08-8B7A-83BB121AAD01}</UniqueIdentifier>
      <Extensions>rc;ico;cur;bmp;dlg;rc2;rct;bin;rgs;gif;jpg;jpeg;jpe;resx;tiff;tif;png;wav;mfcribbon-ms</Extensions>
    </Filter>
    <Filter Include="Game">
      <UniqueIdentifier>{4FC737F1-C7A5-4376-A066-2A32D752A2FF}</UniqueIdentifier>
      <Extensions>cpp;c;cc;cxx;def;odl;idl;hpj;bat;asm;asmx</Extensions>
    </Filter>
    <Filter Include="Game\Levels">
      <UniqueIdentifier>{f09c4223-484d-43f8-bb86-899f3f5e1f33}</UniqueIdentifier>
    </Filter>
    <Filter Include="Game\Objects">
      <UniqueIdentifier>{fbb01d2b-0f31-4a3b-80d9-5a541a4b3283}</UniqueIdentifier>
    </Filter>
    <Filter Include="Engine\Precompiled">
      <UniqueIdentifier>{a7350b4e-2e13-4f74-9a47-3908f01ee714}</UniqueIdentifier>
    </Filter>
  </ItemGroup>
  <ItemGroup>
    <ClCompile Include="Source\Main.c" />
    <ClCompile Include="Source\Wall.c">
      <Filter>Game\Objects</Filter>
    </ClCompile>
    <ClCompile Include="Source\Enemy.c">
      <Filter>Game\Objects</Filter>
    </ClCompile>
    <ClCompile Include="Source\Player.c">
      <Filter>Game\Objects</Filter>
    </ClCompile>
    <ClCompile Include="TextEngine\include\stdafx.c">
      <Filter>Engine\Precompiled</Filter>
    </ClCompile>
    <ClCompile Include="Source\Level1.c">
      <Filter>Game\Levels</Filter>
    </ClCompile>
    <ClCompile Include="Source\Level2.c">
      <Filter>Game\Levels</Filter>
    </ClCompile>
  </ItemGroup>
  <ItemGroup>
    <ClInclude Include="Source\Wall.h">
      <Filter>Game\Objects</Filter>
    </ClInclude>
    <ClInclude Include="Source\Enemy.h">
      <Filter>Game\Objects</Filter>
    </ClInclude>
    <ClInclude Include="Source\Player.h">
      <Filter>Game\Objects</Filter>
    </ClInclude>
    <ClInclude Include="TextEngine\include\stdafx.h">
      <Filter>Engine\Precompiled</Filter>
    </ClInclude>
    <ClInclude Include="TextEngine\include\Engine.h">
      <Filter>Engine</Filter>
    </ClInclude>
    <ClInclude Include="TextEngine\include\GameObject.h">
      <Filter>Engine</Filter>
    </ClInclude>
    <ClInclude Include="TextEngine\include\Vector2D.h">
      <Filter>Engine</Filter>
    </ClInclude>
    <ClInclude Include="Source\Level1.h">
      <Filter>Game\Levels</Filter>
    </ClInclude>
    <ClInclude Include="TextEngine\include\ObjectManager.h">
      <Filter>Engine</Filter>
    </ClInclude>
    <ClInclude Include="Source\Level2.h">
      <Filter>Game\Levels</Filter>
    </ClInclude>
  </ItemGroup>
</Project>